
Microsoft Visual Studio Solution File, Format Version 12.00
# Visual Studio 15
VisualStudioVersion = 15.0.26730.16
MinimumVisualStudioVersion = 10.0.40219.1
Project("{FAE04EC0-301F-11D3-BF4B-00C04F79EFBC}") = "LinqToArray", "LinqToArray\LinqToArray.csproj", "{C43FECD3-7D93-4203-B7DD-FE32998C2ACC}"
EndProject
Project("{FAE04EC0-301F-11D3-BF4B-00C04F79EFBC}") = "LinqToArrayBenchmarkRunner", "LinqToArrayBenchmarkRunner\LinqToArrayBenchmarkRunner.csproj", "{72CD3300-202B-4779-8A19-FDF1E78476D6}"
EndProject
Project("{9A19103F-16F7-4668-BE54-9A1E7A4F7556}") = "LinqToArrayUnitTest", "LinqToArrayUnitTest\LinqToArrayUnitTest.csproj", "{613FA5A5-74AC-4DDF-BB40-BFE0F682AF30}"
EndProject
Global
	GlobalSection(SolutionConfigurationPlatforms) = preSolution
		Debug|Any CPU = Debug|Any CPU
		Release|Any CPU = Release|Any CPU
	EndGlobalSection
	GlobalSection(ProjectConfigurationPlatforms) = postSolution
		{C43FECD3-7D93-4203-B7DD-FE32998C2ACC}.Debug|Any CPU.ActiveCfg = Debug|Any CPU
		{C43FECD3-7D93-4203-B7DD-FE32998C2ACC}.Debug|Any CPU.Build.0 = Debug|Any CPU
		{C43FECD3-7D93-4203-B7DD-FE32998C2ACC}.Release|Any CPU.ActiveCfg = Release|Any CPU
		{C43FECD3-7D93-4203-B7DD-FE32998C2ACC}.Release|Any CPU.Build.0 = Release|Any CPU
		{72CD3300-202B-4779-8A19-FDF1E78476D6}.Debug|Any CPU.ActiveCfg = Debug|Any CPU
		{72CD3300-202B-4779-8A19-FDF1E78476D6}.Debug|Any CPU.Build.0 = Debug|Any CPU
		{72CD3300-202B-4779-8A19-FDF1E78476D6}.Release|Any CPU.ActiveCfg = Release|Any CPU
		{72CD3300-202B-4779-8A19-FDF1E78476D6}.Release|Any CPU.Build.0 = Release|Any CPU
		{613FA5A5-74AC-4DDF-BB40-BFE0F682AF30}.Debug|Any CPU.ActiveCfg = Debug|Any CPU
		{613FA5A5-74AC-4DDF-BB40-BFE0F682AF30}.Debug|Any CPU.Build.0 = Debug|Any CPU
		{613FA5A5-74AC-4DDF-BB40-BFE0F682AF30}.Release|Any CPU.ActiveCfg = Release|Any CPU
		{613FA5A5-74AC-4DDF-BB40-BFE0F682AF30}.Release|Any CPU.Build.0 = Release|Any CPU
	EndGlobalSection
	GlobalSection(SolutionProperties) = preSolution
		HideSolutionNode = FALSE
	EndGlobalSection
	GlobalSection(ExtensibilityGlobals) = postSolution
		SolutionGuid = {9286533E-FD52-4FC3-B826-C65CC31CA379}
	EndGlobalSection
EndGlobal
